// !$*UTF8*$!
{
	archiveVersion = 1;
	classes = {
	};
	objectVersion = 46;
	objects = {

/* Begin PBXBuildFile section */
		0C2F211115862C90001D1295 /* UIKit.framework in Frameworks */ = {isa = PBXBuildFile; fileRef = 0C2F211015862C90001D1295 /* UIKit.framework */; };
		0C2F211315862C90001D1295 /* Foundation.framework in Frameworks */ = {isa = PBXBuildFile; fileRef = 0C2F211215862C90001D1295 /* Foundation.framework */; };
		0C2F211515862C90001D1295 /* CoreGraphics.framework in Frameworks */ = {isa = PBXBuildFile; fileRef = 0C2F211415862C90001D1295 /* CoreGraphics.framework */; };
		0C2F211B15862C90001D1295 /* InfoPlist.strings in Resources */ = {isa = PBXBuildFile; fileRef = 0C2F211915862C90001D1295 /* InfoPlist.strings */; };
		0C2F211D15862C90001D1295 /* main.m in Sources */ = {isa = PBXBuildFile; fileRef = 0C2F211C15862C90001D1295 /* main.m */; };
		0C2F212115862C90001D1295 /* AppDelegate.m in Sources */ = {isa = PBXBuildFile; fileRef = 0C2F212015862C90001D1295 /* AppDelegate.m */; };
		0C2F212415862C90001D1295 /* ViewController.m in Sources */ = {isa = PBXBuildFile; fileRef = 0C2F212315862C90001D1295 /* ViewController.m */; };
		0C2F212715862C90001D1295 /* ViewController.xib in Resources */ = {isa = PBXBuildFile; fileRef = 0C2F212515862C90001D1295 /* ViewController.xib */; };
/* End PBXBuildFile section */

/* Begin PBXFileReference section */
		0C2F210C15862C90001D1295 /* Calculator Example.app */ = {isa = PBXFileReference; explicitFileType = wrapper.application; includeInIndex = 0; path = "Calculator Example.app"; sourceTree = BUILT_PRODUCTS_DIR; };
		0C2F211015862C90001D1295 /* UIKit.framework */ = {isa = PBXFileReference; lastKnownFileType = wrapper.framework; name = UIKit.framework; path = System/Library/Frameworks/UIKit.framework; sourceTree = SDKROOT; };
		0C2F211215862C90001D1295 /* Foundation.framework */ = {isa = PBXFileReference; lastKnownFileType = wrapper.framework; name = Foundation.framework; path = System/Library/Frameworks/Foundation.framework; sourceTree = SDKROOT; };
		0C2F211415862C90001D1295 /* CoreGraphics.framework */ = {isa = PBXFileReference; lastKnownFileType = wrapper.framework; name = CoreGraphics.framework; path = System/Library/Frameworks/CoreGraphics.framework; sourceTree = SDKROOT; };
		0C2F211815862C90001D1295 /* Calculator Example-Info.plist */ = {isa = PBXFileReference; lastKnownFileType = text.plist.xml; path = "Calculator Example-Info.plist"; sourceTree = "<group>"; };
		0C2F211A15862C90001D1295 /* en */ = {isa = PBXFileReference; lastKnownFileType = text.plist.strings; name = en; path = en.lproj/InfoPlist.strings; sourceTree = "<group>"; };
		0C2F211C15862C90001D1295 /* main.m */ = {isa = PBXFileReference; lastKnownFileType = sourcecode.c.objc; path = main.m; sourceTree = "<group>"; };
		0C2F211E15862C90001D1295 /* Calculator Example-Prefix.pch */ = {isa = PBXFileReference; lastKnownFileType = sourcecode.c.h; path = "Calculator Example-Prefix.pch"; sourceTree = "<group>"; };
		0C2F211F15862C90001D1295 /* AppDelegate.h */ = {isa = PBXFileReference; lastKnownFileType = sourcecode.c.h; path = AppDelegate.h; sourceTree = "<group>"; };
		0C2F212015862C90001D1295 /* AppDelegate.m */ = {isa = PBXFileReference; lastKnownFileType = sourcecode.c.objc; path = AppDelegate.m; sourceTree = "<group>"; };
		0C2F212215862C90001D1295 /* ViewController.h */ = {isa = PBXFileReference; lastKnownFileType = sourcecode.c.h; path = ViewController.h; sourceTree = "<group>"; };
		0C2F212315862C90001D1295 /* ViewController.m */ = {isa = PBXFileReference; lastKnownFileType = sourcecode.c.objc; path = ViewController.m; sourceTree = "<group>"; };
		0C2F212615862C90001D1295 /* en */ = {isa = PBXFileReference; lastKnownFileType = file.xib; name = en; path = en.lproj/ViewController.xib; sourceTree = "<group>"; };
/* End PBXFileReference section */

/* Begin PBXFrameworksBuildPhase section */
		0C2F210915862C90001D1295 /* Frameworks */ = {
			isa = PBXFrameworksBuildPhase;
			buildActionMask = 2147483647;
			files = (
				0C2F211115862C90001D1295 /* UIKit.framework in Frameworks */,
				0C2F211315862C90001D1295 /* Foundation.framework in Frameworks */,
				0C2F211515862C90001D1295 /* CoreGraphics.framework in Frameworks */,
			);
			runOnlyForDeploymentPostprocessing = 0;
		};
/* End PBXFrameworksBuildPhase section */

/* Begin PBXGroup section */
		0C2F210115862C90001D1295 = {
			isa = PBXGroup;
			children = (
				0C2F211615862C90001D1295 /* Calculator Example */,
				0C2F210F15862C90001D1295 /* Frameworks */,
				0C2F210D15862C90001D1295 /* Products */,
			);
			sourceTree = "<group>";
		};
		0C2F210D15862C90001D1295 /* Products */ = {
			isa = PBXGroup;
			children = (
				0C2F210C15862C90001D1295 /* Calculator Example.app */,
			);
			name = Products;
			sourceTree = "<group>";
		};
		0C2F210F15862C90001D1295 /* Frameworks */ = {
			isa = PBXGroup;
			children = (
				0C2F211015862C90001D1295 /* UIKit.framework */,
				0C2F211215862C90001D1295 /* Foundation.framework */,
				0C2F211415862C90001D1295 /* CoreGraphics.framework */,
			);
			name = Frameworks;
			sourceTree = "<group>";
		};
		0C2F211615862C90001D1295 /* Calculator Example */ = {
			isa = PBXGroup;
			children = (
				0C2F211F15862C90001D1295 /* AppDelegate.h */,
				0C2F212015862C90001D1295 /* AppDelegate.m */,
				0C2F212215862C90001D1295 /* ViewController.h */,
				0C2F212315862C90001D1295 /* ViewController.m */,
				0C2F212515862C90001D1295 /* ViewController.xib */,
				0C2F211715862C90001D1295 /* Supporting Files */,
			);
			name = "Calculator Example";
			path = formApplicationTutorial;
			sourceTree = "<group>";
		};
		0C2F211715862C90001D1295 /* Supporting Files */ = {
			isa = PBXGroup;
			children = (
				0C2F211815862C90001D1295 /* Calculator Example-Info.plist */,
				0C2F211915862C90001D1295 /* InfoPlist.strings */,
				0C2F211C15862C90001D1295 /* main.m */,
				0C2F211E15862C90001D1295 /* Calculator Example-Prefix.pch */,
			);
			name = "Supporting Files";
			sourceTree = "<group>";
		};
/* End PBXGroup section */

/* Begin PBXNativeTarget section */
		0C2F210B15862C90001D1295 /* Calculator Example */ = {
			isa = PBXNativeTarget;
			buildConfigurationList = 0C2F212A15862C90001D1295 /* Build configuration list for PBXNativeTarget "Calculator Example" */;
			buildPhases = (
				0C2F210815862C90001D1295 /* Sources */,
				0C2F210915862C90001D1295 /* Frameworks */,
				0C2F210A15862C90001D1295 /* Resources */,
			);
			buildRules = (
			);
			dependencies = (
			);
			name = "Calculator Example";
			productName = formApplicationTutorial;
			productReference = 0C2F210C15862C90001D1295 /* Calculator Example.app */;
			productType = "com.apple.product-type.application";
		};
/* End PBXNativeTarget section */

/* Begin PBXProject section */
		0C2F210315862C90001D1295 /* Project object */ = {
			isa = PBXProject;
			attributes = {
				LastUpgradeCheck = 0430;
			};
			buildConfigurationList = 0C2F210615862C90001D1295 /* Build configuration list for PBXProject "Calculator Example" */;
			compatibilityVersion = "Xcode 3.2";
			developmentRegion = English;
			hasScannedForEncodings = 0;
			knownRegions = (
				en,
			);
			mainGroup = 0C2F210115862C90001D1295;
			productRefGroup = 0C2F210D15862C90001D1295 /* Products */;
			projectDirPath = "";
			projectRoot = "";
			targets = (
				0C2F210B15862C90001D1295 /* Calculator Example */,
			);
		};
/* End PBXProject section */

/* Begin PBXResourcesBuildPhase section */
		0C2F210A15862C90001D1295 /* Resources */ = {
			isa = PBXResourcesBuildPhase;
			buildActionMask = 2147483647;
			files = (
				0C2F211B15862C90001D1295 /* InfoPlist.strings in Resources */,
				0C2F212715862C90001D1295 /* ViewController.xib in Resources */,
			);
			runOnlyForDeploymentPostprocessing = 0;
		};
/* End PBXResourcesBuildPhase section */

/* Begin PBXSourcesBuildPhase section */
		0C2F210815862C90001D1295 /* Sources */ = {
			isa = PBXSourcesBuildPhase;
			buildActionMask = 2147483647;
			files = (
				0C2F211D15862C90001D1295 /* main.m in Sources */,
				0C2F212115862C90001D1295 /* AppDelegate.m in Sources */,
				0C2F212415862C90001D1295 /* ViewController.m in Sources */,
			);
			runOnlyForDeploymentPostprocessing = 0;
		};
/* End PBXSourcesBuildPhase section */

/* Begin PBXVariantGroup section */
		0C2F211915862C90001D1295 /* InfoPlist.strings */ = {
			isa = PBXVariantGroup;
			children = (
				0C2F211A15862C90001D1295 /* en */,
			);
			name = InfoPlist.strings;
			sourceTree = "<group>";
		};
		0C2F212515862C90001D1295 /* ViewController.xib */ = {
			isa = PBXVariantGroup;
			children = (
				0C2F212615862C90001D1295 /* en */,
			);
			name = ViewController.xib;
			sourceTree = "<group>";
		};
/* End PBXVariantGroup section */

/* Begin XCBuildConfiguration section */
		0C2F212815862C90001D1295 /* Debug */ = {
			isa = XCBuildConfiguration;
			buildSettings = {
				ALWAYS_SEARCH_USER_PATHS = NO;
				ARCHS = "$(ARCHS_STANDARD_32_BIT)";
				CLANG_ENABLE_OBJC_ARC = YES;
				"CODE_SIGN_IDENTITY[sdk=iphoneos*]" = "iPhone Developer";
				COPY_PHASE_STRIP = NO;
				GCC_C_LANGUAGE_STANDARD = gnu99;
				GCC_DYNAMIC_NO_PIC = NO;
				GCC_OPTIMIZATION_LEVEL = 0;
				GCC_PREPROCESSOR_DEFINITIONS = (
					"DEBUG=1",
					"$(inherited)",
				);
				GCC_SYMBOLS_PRIVATE_EXTERN = NO;
				GCC_VERSION = com.apple.compilers.llvm.clang.1_0;
				GCC_WARN_ABOUT_RETURN_TYPE = YES;
				GCC_WARN_UNINITIALIZED_AUTOS = YES;
				GCC_WARN_UNUSED_VARIABLE = YES;
				IPHONEOS_DEPLOYMENT_TARGET = 5.1;
				SDKROOT = iphoneos;
			};
			name = Debug;
		};
		0C2F212915862C90001D1295 /* Release */ = {
			isa = XCBuildConfiguration;
			buildSettings = {
				ALWAYS_SEARCH_USER_PATHS = NO;
				ARCHS = "$(ARCHS_STANDARD_32_BIT)";
				CLANG_ENABLE_OBJC_ARC = YES;
				"CODE_SIGN_IDENTITY[sdk=iphoneos*]" = "iPhone Developer";
				COPY_PHASE_STRIP = YES;
				GCC_C_LANGUAGE_STANDARD = gnu99;
				GCC_VERSION = com.apple.compilers.llvm.clang.1_0;
				GCC_WARN_ABOUT_RETURN_TYPE = YES;
				GCC_WARN_UNINITIALIZED_AUTOS = YES;
				GCC_WARN_UNUSED_VARIABLE = YES;
				IPHONEOS_DEPLOYMENT_TARGET = 5.1;
				OTHER_CFLAGS = "-DNS_BLOCK_ASSERTIONS=1";
				SDKROOT = iphoneos;
				VALIDATE_PRODUCT = YES;
			};
			name = Release;
		};
		0C2F212B15862C90001D1295 /* Debug */ = {
			isa = XCBuildConfiguration;
			buildSettings = {
				GCC_PRECOMPILE_PREFIX_HEADER = YES;
				GCC_PREFIX_HEADER = "formApplicationTutorial/Calculator Example-Prefix.pch";
				INFOPLIST_FILE = "formApplicationTutorial/Calculator Example-Info.plist";
				PRODUCT_NAME = "Calculator Example";
				WRAPPER_EXTENSION = app;
			};
			name = Debug;
		};
		0C2F212C15862C90001D1295 /* Release */ = {
			isa = XCBuildConfiguration;
			buildSettings = {
				GCC_PRECOMPILE_PREFIX_HEADER = YES;
				GCC_PREFIX_HEADER = "formApplicationTutorial/Calculator Example-Prefix.pch";
				INFOPLIST_FILE = "formApplicationTutorial/Calculator Example-Info.plist";
				PRODUCT_NAME = "Calculator Example";
				WRAPPER_EXTENSION = app;
			};
			name = Release;
		};
/* End XCBuildConfiguration section */

/* Begin XCConfigurationList section */
		0C2F210615862C90001D1295 /* Build configuration list for PBXProject "Calculator Example" */ = {
			isa = XCConfigurationList;
			buildConfigurations = (
				0C2F212815862C90001D1295 /* Debug */,
				0C2F212915862C90001D1295 /* Release */,
			);
			defaultConfigurationIsVisible = 0;
			defaultConfigurationName = Release;
		};
		0C2F212A15862C90001D1295 /* Build configuration list for PBXNativeTarget "Calculator Example" */ = {
			isa = XCConfigurationList;
			buildConfigurations = (
				0C2F212B15862C90001D1295 /* Debug */,
				0C2F212C15862C90001D1295 /* Release */,
			);
			defaultConfigurationIsVisible = 0;
			defaultConfigurationName = Release;
		};
/* End XCConfigurationList section */
	};
	rootObject = 0C2F210315862C90001D1295 /* Project object */;
}
